
Microsoft Visual Studio Solution File, Format Version 12.00
# Visual Studio 15
VisualStudioVersion = 15.0.27004.2005
MinimumVisualStudioVersion = 10.0.40219.1
Project("{FAE04EC0-301F-11D3-BF4B-00C04F79EFBC}") = "Praetorius.SequenceRecognizer", "Praetorius.SequenceRecognizer\Praetorius.SequenceRecognizer.csproj", "{D6A8E116-6E9D-47DA-9A1A-E601BAD98AEE}"
EndProject
Project("{FAE04EC0-301F-11D3-BF4B-00C04F79EFBC}") = "Praetorius.SequenceRecognizer.PerformanceTestApp", "PerformanceTestApp\Praetorius.SequenceRecognizer.PerformanceTestApp.csproj", "{570D6E6E-46A8-4941-83DC-CE866A626FE5}"
EndProject
Project("{FAE04EC0-301F-11D3-BF4B-00C04F79EFBC}") = "Praetorius.SequenceRecognizer.UnitTests", "Praetorius.SequenceRecognizer.UnitTests\Praetorius.SequenceRecognizer.UnitTests.csproj", "{5ECF2157-15D8-49A2-A9B3-82F387B16F0D}"
EndProject
Global
	GlobalSection(SolutionConfigurationPlatforms) = preSolution
		Debug|Any CPU = Debug|Any CPU
		Release|Any CPU = Release|Any CPU
	EndGlobalSection
	GlobalSection(ProjectConfigurationPlatforms) = postSolution
		{D6A8E116-6E9D-47DA-9A1A-E601BAD98AEE}.Debug|Any CPU.ActiveCfg = Debug|Any CPU
		{D6A8E116-6E9D-47DA-9A1A-E601BAD98AEE}.Debug|Any CPU.Build.0 = Debug|Any CPU
		{D6A8E116-6E9D-47DA-9A1A-E601BAD98AEE}.Release|Any CPU.ActiveCfg = Release|Any CPU
		{D6A8E116-6E9D-47DA-9A1A-E601BAD98AEE}.Release|Any CPU.Build.0 = Release|Any CPU
		{570D6E6E-46A8-4941-83DC-CE866A626FE5}.Debug|Any CPU.ActiveCfg = Debug|Any CPU
		{570D6E6E-46A8-4941-83DC-CE866A626FE5}.Debug|Any CPU.Build.0 = Debug|Any CPU
		{570D6E6E-46A8-4941-83DC-CE866A626FE5}.Release|Any CPU.ActiveCfg = Release|Any CPU
		{570D6E6E-46A8-4941-83DC-CE866A626FE5}.Release|Any CPU.Build.0 = Release|Any CPU
		{5ECF2157-15D8-49A2-A9B3-82F387B16F0D}.Debug|Any CPU.ActiveCfg = Debug|Any CPU
		{5ECF2157-15D8-49A2-A9B3-82F387B16F0D}.Debug|Any CPU.Build.0 = Debug|Any CPU
		{5ECF2157-15D8-49A2-A9B3-82F387B16F0D}.Release|Any CPU.ActiveCfg = Release|Any CPU
		{5ECF2157-15D8-49A2-A9B3-82F387B16F0D}.Release|Any CPU.Build.0 = Release|Any CPU
	EndGlobalSection
	GlobalSection(SolutionProperties) = preSolution
		HideSolutionNode = FALSE
	EndGlobalSection
	GlobalSection(ExtensibilityGlobals) = postSolution
		SolutionGuid = {C636DBB9-41F4-4110-9B88-211BCF8A1D17}
	EndGlobalSection
EndGlobal
